
Microsoft Visual Studio Solution File, Format Version 12.00
# Visual Studio Version 16
VisualStudioVersion = 16.0.30002.166
MinimumVisualStudioVersion = 10.0.40219.1
Project("{FAE04EC0-301F-11D3-BF4B-00C04F79EFBC}") = "Assignment1-Vraj", "Assignment1-Vraj.csproj", "{7A634EF2-9954-470F-907E-7BE58B2FDEA8}"
EndProject
Global
	GlobalSection(SolutionConfigurationPlatforms) = preSolution
		Debug|Any CPU = Debug|Any CPU
		Release|Any CPU = Release|Any CPU
	EndGlobalSection
	GlobalSection(ProjectConfigurationPlatforms) = postSolution
		{7A634EF2-9954-470F-907E-7BE58B2FDEA8}.Debug|Any CPU.ActiveCfg = Debug|Any CPU
		{7A634EF2-9954-470F-907E-7BE58B2FDEA8}.Debug|Any CPU.Build.0 = Debug|Any CPU
		{7A634EF2-9954-470F-907E-7BE58B2FDEA8}.Release|Any CPU.ActiveCfg = Release|Any CPU
		{7A634EF2-9954-470F-907E-7BE58B2FDEA8}.Release|Any CPU.Build.0 = Release|Any CPU
	EndGlobalSection
	GlobalSection(SolutionProperties) = preSolution
		HideSolutionNode = FALSE
	EndGlobalSection
	GlobalSection(ExtensibilityGlobals) = postSolution
		SolutionGuid = {D37D2FDB-EA70-4741-B4B7-15C820BFECB6}
	EndGlobalSection
EndGlobal
